
Microsoft Visual Studio Solution File, Format Version 12.00
# Visual Studio Version 16
VisualStudioVersion = 16.0.31911.196
MinimumVisualStudioVersion = 10.0.40219.1
Project("{FAE04EC0-301F-11D3-BF4B-00C04F79EFBC}") = "FormulariosMDI", "FormulariosMDI\FormulariosMDI.csproj", "{0A2515DF-B8CB-43BC-A0AA-0E3E268C61DB}"
EndProject
Global
	GlobalSection(SolutionConfigurationPlatforms) = preSolution
		Debug|Any CPU = Debug|Any CPU
		Release|Any CPU = Release|Any CPU
	EndGlobalSection
	GlobalSection(ProjectConfigurationPlatforms) = postSolution
		{0A2515DF-B8CB-43BC-A0AA-0E3E268C61DB}.Debug|Any CPU.ActiveCfg = Debug|Any CPU
		{0A2515DF-B8CB-43BC-A0AA-0E3E268C61DB}.Debug|Any CPU.Build.0 = Debug|Any CPU
		{0A2515DF-B8CB-43BC-A0AA-0E3E268C61DB}.Release|Any CPU.ActiveCfg = Release|Any CPU
		{0A2515DF-B8CB-43BC-A0AA-0E3E268C61DB}.Release|Any CPU.Build.0 = Release|Any CPU
	EndGlobalSection
	GlobalSection(SolutionProperties) = preSolution
		HideSolutionNode = FALSE
	EndGlobalSection
	GlobalSection(ExtensibilityGlobals) = postSolution
		SolutionGuid = {A84868E0-E3B4-461B-B2C1-BFD9A2DCCAAE}
	EndGlobalSection
EndGlobal
