
Microsoft Visual Studio Solution File, Format Version 12.00
# Visual Studio Version 17
VisualStudioVersion = 17.5.33516.290
MinimumVisualStudioVersion = 10.0.40219.1
Project("{FAE04EC0-301F-11D3-BF4B-00C04F79EFBC}") = "tirar_Dado", "tirar_Dado.csproj", "{231F08B9-D1FB-4B0C-BC47-2F75E0C8661A}"
EndProject
Global
	GlobalSection(SolutionConfigurationPlatforms) = preSolution
		Debug|Any CPU = Debug|Any CPU
		Release|Any CPU = Release|Any CPU
	EndGlobalSection
	GlobalSection(ProjectConfigurationPlatforms) = postSolution
		{231F08B9-D1FB-4B0C-BC47-2F75E0C8661A}.Debug|Any CPU.ActiveCfg = Debug|Any CPU
		{231F08B9-D1FB-4B0C-BC47-2F75E0C8661A}.Debug|Any CPU.Build.0 = Debug|Any CPU
		{231F08B9-D1FB-4B0C-BC47-2F75E0C8661A}.Release|Any CPU.ActiveCfg = Release|Any CPU
		{231F08B9-D1FB-4B0C-BC47-2F75E0C8661A}.Release|Any CPU.Build.0 = Release|Any CPU
	EndGlobalSection
	GlobalSection(SolutionProperties) = preSolution
		HideSolutionNode = FALSE
	EndGlobalSection
	GlobalSection(ExtensibilityGlobals) = postSolution
		SolutionGuid = {F99A3D1B-5BE5-41F1-934F-3B9A1A644D00}
	EndGlobalSection
EndGlobal
